Microsoft Visual Studio Solution File, Format Version 12.00
# Visual Studio Version 17
VisualStudioVersion = 17.1.32407.343
MinimumVisualStudioVersion = 10.0.40219.1
Project("{9A19103F-16F7-4668-BE54-9A1E7A4F7556}") = "MEDIOClinic", "MEDIOClinic\MEDIOClinic.csproj", "{FFD83550-D31B-4A0A-B112-166C181DC212}"
EndProject
Global
	GlobalSection(SolutionConfigurationPlatforms) = preSolution
		Debug|Any CPU = Debug|Any CPU
		Release|Any CPU = Release|Any CPU
	EndGlobalSection
	GlobalSection(ProjectConfigurationPlatforms) = postSolution
		{FFD83550-D31B-4A0A-B112-166C181DC212}.Debug|Any CPU.ActiveCfg = Debug|Any CPU
		{FFD83550-D31B-4A0A-B112-166C181DC212}.Debug|Any CPU.Build.0 = Debug|Any CPU
		{FFD83550-D31B-4A0A-B112-166C181DC212}.Release|Any CPU.ActiveCfg = Release|Any CPU
		{FFD83550-D31B-4A0A-B112-166C181DC212}.Release|Any CPU.Build.0 = Release|Any CPU
	EndGlobalSection
	GlobalSection(SolutionProperties) = preSolution
		HideSolutionNode = FALSE
	EndGlobalSection
	GlobalSection(ExtensibilityGlobals) = postSolution
		SolutionGuid = {00B1DD4F-8558-453B-8DC2-768FFDC8EB6C}
	EndGlobalSection
EndGlobal
